
Microsoft Visual Studio Solution File, Format Version 12.00
# Visual Studio Version 16
VisualStudioVersion = 16.0.31702.278
MinimumVisualStudioVersion = 10.0.40219.1
Project("{FAE04EC0-301F-11D3-BF4B-00C04F79EFBC}") = "Lab5_class", "Lab5_class\Lab5_class.csproj", "{8AA5E4C2-4432-47CE-B850-9AB24B2EE981}"
EndProject
Global
	GlobalSection(SolutionConfigurationPlatforms) = preSolution
		Debug|Any CPU = Debug|Any CPU
		Release|Any CPU = Release|Any CPU
	EndGlobalSection
	GlobalSection(ProjectConfigurationPlatforms) = postSolution
		{8AA5E4C2-4432-47CE-B850-9AB24B2EE981}.Debug|Any CPU.ActiveCfg = Debug|Any CPU
		{8AA5E4C2-4432-47CE-B850-9AB24B2EE981}.Debug|Any CPU.Build.0 = Debug|Any CPU
		{8AA5E4C2-4432-47CE-B850-9AB24B2EE981}.Release|Any CPU.ActiveCfg = Release|Any CPU
		{8AA5E4C2-4432-47CE-B850-9AB24B2EE981}.Release|Any CPU.Build.0 = Release|Any CPU
	EndGlobalSection
	GlobalSection(SolutionProperties) = preSolution
		HideSolutionNode = FALSE
	EndGlobalSection
	GlobalSection(ExtensibilityGlobals) = postSolution
		SolutionGuid = {2A82B290-B933-45E7-8D9D-5A01FC86EFD4}
	EndGlobalSection
EndGlobal
